// !$*UTF8*$!
{
	archiveVersion = 1;
	classes = {
	};
	objectVersion = 46;
	objects = {

/* Begin PBXBuildFile section */
		FBE1327A1942CFE10086D826 /* Foundation.framework in Frameworks */ = {isa = PBXBuildFile; fileRef = FBE132791942CFE10086D826 /* Foundation.framework */; };
		FBE1327C1942CFE10086D826 /* CoreGraphics.framework in Frameworks */ = {isa = PBXBuildFile; fileRef = FBE1327B1942CFE10086D826 /* CoreGraphics.framework */; };
		FBE1327E1942CFE10086D826 /* UIKit.framework in Frameworks */ = {isa = PBXBuildFile; fileRef = FBE1327D1942CFE10086D826 /* UIKit.framework */; };
		FBE132801942CFE10086D826 /* SpriteKit.framework in Frameworks */ = {isa = PBXBuildFile; fileRef = FBE1327F1942CFE10086D826 /* SpriteKit.framework */; };
		FBE132861942CFE10086D826 /* InfoPlist.strings in Resources */ = {isa = PBXBuildFile; fileRef = FBE132841942CFE10086D826 /* InfoPlist.strings */; };
		FBE132881942CFE10086D826 /* main.m in Sources */ = {isa = PBXBuildFile; fileRef = FBE132871942CFE10086D826 /* main.m */; };
		FBE1328C1942CFE10086D826 /* TSAppDelegate.m in Sources */ = {isa = PBXBuildFile; fileRef = FBE1328B1942CFE10086D826 /* TSAppDelegate.m */; };
		FBE1328F1942CFE10086D826 /* Main_iPhone.storyboard in Resources */ = {isa = PBXBuildFile; fileRef = FBE1328D1942CFE10086D826 /* Main_iPhone.storyboard */; };
		FBE132921942CFE10086D826 /* Main_iPad.storyboard in Resources */ = {isa = PBXBuildFile; fileRef = FBE132901942CFE10086D826 /* Main_iPad.storyboard */; };
		FBE132951942CFE10086D826 /* TSViewController.m in Sources */ = {isa = PBXBuildFile; fileRef = FBE132941942CFE10086D826 /* TSViewController.m */; };
		FBE132981942CFE10086D826 /* TSMyScene.m in Sources */ = {isa = PBXBuildFile; fileRef = FBE132971942CFE10086D826 /* TSMyScene.m */; };
		FBE1329A1942CFE10086D826 /* Spaceship.png in Resources */ = {isa = PBXBuildFile; fileRef = FBE132991942CFE10086D826 /* Spaceship.png */; };
		FBE1329C1942CFE10086D826 /* Images.xcassets in Resources */ = {isa = PBXBuildFile; fileRef = FBE1329B1942CFE10086D826 /* Images.xcassets */; };
		FBE132A31942CFE10086D826 /* XCTest.framework in Frameworks */ = {isa = PBXBuildFile; fileRef = FBE132A21942CFE10086D826 /* XCTest.framework */; };
		FBE132A41942CFE10086D826 /* Foundation.framework in Frameworks */ = {isa = PBXBuildFile; fileRef = FBE132791942CFE10086D826 /* Foundation.framework */; };
		FBE132A51942CFE10086D826 /* UIKit.framework in Frameworks */ = {isa = PBXBuildFile; fileRef = FBE1327D1942CFE10086D826 /* UIKit.framework */; };
		FBE132AD1942CFE10086D826 /* InfoPlist.strings in Resources */ = {isa = PBXBuildFile; fileRef = FBE132AB1942CFE10086D826 /* InfoPlist.strings */; };
		FBE132AF1942CFE10086D826 /* takkestarTests.m in Sources */ = {isa = PBXBuildFile; fileRef = FBE132AE1942CFE10086D826 /* takkestarTests.m */; };
/* End PBXBuildFile section */

/* Begin PBXContainerItemProxy section */
		FBE132A61942CFE10086D826 /* PBXContainerItemProxy */ = {
			isa = PBXContainerItemProxy;
			containerPortal = FBE1326E1942CFE10086D826 /* Project object */;
			proxyType = 1;
			remoteGlobalIDString = FBE132751942CFE10086D826;
			remoteInfo = takkestar;
		};
/* End PBXContainerItemProxy section */

/* Begin PBXFileReference section */
		FBE132761942CFE10086D826 /* takkestar.app */ = {isa = PBXFileReference; explicitFileType = wrapper.application; includeInIndex = 0; path = takkestar.app; sourceTree = BUILT_PRODUCTS_DIR; };
		FBE132791942CFE10086D826 /* Foundation.framework */ = {isa = PBXFileReference; lastKnownFileType = wrapper.framework; name = Foundation.framework; path = System/Library/Frameworks/Foundation.framework; sourceTree = SDKROOT; };
		FBE1327B1942CFE10086D826 /* CoreGraphics.framework */ = {isa = PBXFileReference; lastKnownFileType = wrapper.framework; name = CoreGraphics.framework; path = System/Library/Frameworks/CoreGraphics.framework; sourceTree = SDKROOT; };
		FBE1327D1942CFE10086D826 /* UIKit.framework */ = {isa = PBXFileReference; lastKnownFileType = wrapper.framework; name = UIKit.framework; path = System/Library/Frameworks/UIKit.framework; sourceTree = SDKROOT; };
		FBE1327F1942CFE10086D826 /* SpriteKit.framework */ = {isa = PBXFileReference; lastKnownFileType = wrapper.framework; name = SpriteKit.framework; path = System/Library/Frameworks/SpriteKit.framework; sourceTree = SDKROOT; };
		FBE132831942CFE10086D826 /* takkestar-Info.plist */ = {isa = PBXFileReference; lastKnownFileType = text.plist.xml; path = "takkestar-Info.plist"; sourceTree = "<group>"; };
		FBE132851942CFE10086D826 /* en */ = {isa = PBXFileReference; lastKnownFileType = text.plist.strings; name = en; path = en.lproj/InfoPlist.strings; sourceTree = "<group>"; };
		FBE132871942CFE10086D826 /* main.m */ = {isa = PBXFileReference; lastKnownFileType = sourcecode.c.objc; path = main.m; sourceTree = "<group>"; };
		FBE132891942CFE10086D826 /* takkestar-Prefix.pch */ = {isa = PBXFileReference; lastKnownFileType = sourcecode.c.h; path = "takkestar-Prefix.pch"; sourceTree = "<group>"; };
		FBE1328A1942CFE10086D826 /* TSAppDelegate.h */ = {isa = PBXFileReference; lastKnownFileType = sourcecode.c.h; path = TSAppDelegate.h; sourceTree = "<group>"; };
		FBE1328B1942CFE10086D826 /* TSAppDelegate.m */ = {isa = PBXFileReference; lastKnownFileType = sourcecode.c.objc; path = TSAppDelegate.m; sourceTree = "<group>"; };
		FBE1328E1942CFE10086D826 /* Base */ = {isa = PBXFileReference; lastKnownFileType = file.storyboard; name = Base; path = Base.lproj/Main_iPhone.storyboard; sourceTree = "<group>"; };
		FBE132911942CFE10086D826 /* Base */ = {isa = PBXFileReference; lastKnownFileType = file.storyboard; name = Base; path = Base.lproj/Main_iPad.storyboard; sourceTree = "<group>"; };
		FBE132931942CFE10086D826 /* TSViewController.h */ = {isa = PBXFileReference; lastKnownFileType = sourcecode.c.h; path = TSViewController.h; sourceTree = "<group>"; };
		FBE132941942CFE10086D826 /* TSViewController.m */ = {isa = PBXFileReference; lastKnownFileType = sourcecode.c.objc; path = TSViewController.m; sourceTree = "<group>"; };
		FBE132961942CFE10086D826 /* TSMyScene.h */ = {isa = PBXFileReference; lastKnownFileType = sourcecode.c.h; path = TSMyScene.h; sourceTree = "<group>"; };
		FBE132971942CFE10086D826 /* TSMyScene.m */ = {isa = PBXFileReference; lastKnownFileType = sourcecode.c.objc; path = TSMyScene.m; sourceTree = "<group>"; };
		FBE132991942CFE10086D826 /* Spaceship.png */ = {isa = PBXFileReference; lastKnownFileType = image.png; path = Spaceship.png; sourceTree = "<group>"; };
		FBE1329B1942CFE10086D826 /* Images.xcassets */ = {isa = PBXFileReference; lastKnownFileType = folder.assetcatalog; path = Images.xcassets; sourceTree = "<group>"; };
		FBE132A11942CFE10086D826 /* takkestarTests.xctest */ = {isa = PBXFileReference; explicitFileType = wrapper.cfbundle; includeInIndex = 0; path = takkestarTests.xctest; sourceTree = BUILT_PRODUCTS_DIR; };
		FBE132A21942CFE10086D826 /* XCTest.framework */ = {isa = PBXFileReference; lastKnownFileType = wrapper.framework; name = XCTest.framework; path = Library/Frameworks/XCTest.framework; sourceTree = DEVELOPER_DIR; };
		FBE132AA1942CFE10086D826 /* takkestarTests-Info.plist */ = {isa = PBXFileReference; lastKnownFileType = text.plist.xml; path = "takkestarTests-Info.plist"; sourceTree = "<group>"; };
		FBE132AC1942CFE10086D826 /* en */ = {isa = PBXFileReference; lastKnownFileType = text.plist.strings; name = en; path = en.lproj/InfoPlist.strings; sourceTree = "<group>"; };
		FBE132AE1942CFE10086D826 /* takkestarTests.m */ = {isa = PBXFileReference; lastKnownFileType = sourcecode.c.objc; path = takkestarTests.m; sourceTree = "<group>"; };
/* End PBXFileReference section */

/* Begin PBXFrameworksBuildPhase section */
		FBE132731942CFE10086D826 /* Frameworks */ = {
			isa = PBXFrameworksBuildPhase;
			buildActionMask = 2147483647;
			files = (
				FBE1327C1942CFE10086D826 /* CoreGraphics.framework in Frameworks */,
				FBE1327E1942CFE10086D826 /* UIKit.framework in Frameworks */,
				FBE132801942CFE10086D826 /* SpriteKit.framework in Frameworks */,
				FBE1327A1942CFE10086D826 /* Foundation.framework in Frameworks */,
			);
			runOnlyForDeploymentPostprocessing = 0;
		};
		FBE1329E1942CFE10086D826 /* Frameworks */ = {
			isa = PBXFrameworksBuildPhase;
			buildActionMask = 2147483647;
			files = (
				FBE132A31942CFE10086D826 /* XCTest.framework in Frameworks */,
				FBE132A51942CFE10086D826 /* UIKit.framework in Frameworks */,
				FBE132A41942CFE10086D826 /* Foundation.framework in Frameworks */,
			);
			runOnlyForDeploymentPostprocessing = 0;
		};
/* End PBXFrameworksBuildPhase section */

/* Begin PBXGroup section */
		FBE1326D1942CFE10086D826 = {
			isa = PBXGroup;
			children = (
				FBE132811942CFE10086D826 /* takkestar */,
				FBE132A81942CFE10086D826 /* takkestarTests */,
				FBE132781942CFE10086D826 /* Frameworks */,
				FBE132771942CFE10086D826 /* Products */,
			);
			sourceTree = "<group>";
		};
		FBE132771942CFE10086D826 /* Products */ = {
			isa = PBXGroup;
			children = (
				FBE132761942CFE10086D826 /* takkestar.app */,
				FBE132A11942CFE10086D826 /* takkestarTests.xctest */,
			);
			name = Products;
			sourceTree = "<group>";
		};
		FBE132781942CFE10086D826 /* Frameworks */ = {
			isa = PBXGroup;
			children = (
				FBE132791942CFE10086D826 /* Foundation.framework */,
				FBE1327B1942CFE10086D826 /* CoreGraphics.framework */,
				FBE1327D1942CFE10086D826 /* UIKit.framework */,
				FBE1327F1942CFE10086D826 /* SpriteKit.framework */,
				FBE132A21942CFE10086D826 /* XCTest.framework */,
			);
			name = Frameworks;
			sourceTree = "<group>";
		};
		FBE132811942CFE10086D826 /* takkestar */ = {
			isa = PBXGroup;
			children = (
				FBE1328A1942CFE10086D826 /* TSAppDelegate.h */,
				FBE1328B1942CFE10086D826 /* TSAppDelegate.m */,
				FBE1328D1942CFE10086D826 /* Main_iPhone.storyboard */,
				FBE132901942CFE10086D826 /* Main_iPad.storyboard */,
				FBE132931942CFE10086D826 /* TSViewController.h */,
				FBE132941942CFE10086D826 /* TSViewController.m */,
				FBE132961942CFE10086D826 /* TSMyScene.h */,
				FBE132971942CFE10086D826 /* TSMyScene.m */,
				FBE132991942CFE10086D826 /* Spaceship.png */,
				FBE1329B1942CFE10086D826 /* Images.xcassets */,
				FBE132821942CFE10086D826 /* Supporting Files */,
			);
			path = takkestar;
			sourceTree = "<group>";
		};
		FBE132821942CFE10086D826 /* Supporting Files */ = {
			isa = PBXGroup;
			children = (
				FBE132831942CFE10086D826 /* takkestar-Info.plist */,
				FBE132841942CFE10086D826 /* InfoPlist.strings */,
				FBE132871942CFE10086D826 /* main.m */,
				FBE132891942CFE10086D826 /* takkestar-Prefix.pch */,
			);
			name = "Supporting Files";
			sourceTree = "<group>";
		};
		FBE132A81942CFE10086D826 /* takkestarTests */ = {
			isa = PBXGroup;
			children = (
				FBE132AE1942CFE10086D826 /* takkestarTests.m */,
				FBE132A91942CFE10086D826 /* Supporting Files */,
			);
			path = takkestarTests;
			sourceTree = "<group>";
		};
		FBE132A91942CFE10086D826 /* Supporting Files */ = {
			isa = PBXGroup;
			children = (
				FBE132AA1942CFE10086D826 /* takkestarTests-Info.plist */,
				FBE132AB1942CFE10086D826 /* InfoPlist.strings */,
			);
			name = "Supporting Files";
			sourceTree = "<group>";
		};
/* End PBXGroup section */

/* Begin PBXNativeTarget section */
		FBE132751942CFE10086D826 /* takkestar */ = {
			isa = PBXNativeTarget;
			buildConfigurationList = FBE132B21942CFE10086D826 /* Build configuration list for PBXNativeTarget "takkestar" */;
			buildPhases = (
				FBE132721942CFE10086D826 /* Sources */,
				FBE132731942CFE10086D826 /* Frameworks */,
				FBE132741942CFE10086D826 /* Resources */,
			);
			buildRules = (
			);
			dependencies = (
			);
			name = takkestar;
			productName = takkestar;
			productReference = FBE132761942CFE10086D826 /* takkestar.app */;
			productType = "com.apple.product-type.application";
		};
		FBE132A01942CFE10086D826 /* takkestarTests */ = {
			isa = PBXNativeTarget;
			buildConfigurationList = FBE132B51942CFE10086D826 /* Build configuration list for PBXNativeTarget "takkestarTests" */;
			buildPhases = (
				FBE1329D1942CFE10086D826 /* Sources */,
				FBE1329E1942CFE10086D826 /* Frameworks */,
				FBE1329F1942CFE10086D826 /* Resources */,
			);
			buildRules = (
			);
			dependencies = (
				FBE132A71942CFE10086D826 /* PBXTargetDependency */,
			);
			name = takkestarTests;
			productName = takkestarTests;
			productReference = FBE132A11942CFE10086D826 /* takkestarTests.xctest */;
			productType = "com.apple.product-type.bundle.unit-test";
		};
/* End PBXNativeTarget section */

/* Begin PBXProject section */
		FBE1326E1942CFE10086D826 /* Project object */ = {
			isa = PBXProject;
			attributes = {
				CLASSPREFIX = TS;
				LastUpgradeCheck = 0510;
				ORGANIZATIONNAME = muratamuu;
				TargetAttributes = {
					FBE132A01942CFE10086D826 = {
						TestTargetID = FBE132751942CFE10086D826;
					};
				};
			};
			buildConfigurationList = FBE132711942CFE10086D826 /* Build configuration list for PBXProject "takkestar" */;
			compatibilityVersion = "Xcode 3.2";
			developmentRegion = English;
			hasScannedForEncodings = 0;
			knownRegions = (
				en,
				Base,
			);
			mainGroup = FBE1326D1942CFE10086D826;
			productRefGroup = FBE132771942CFE10086D826 /* Products */;
			projectDirPath = "";
			projectRoot = "";
			targets = (
				FBE132751942CFE10086D826 /* takkestar */,
				FBE132A01942CFE10086D826 /* takkestarTests */,
			);
		};
/* End PBXProject section */

/* Begin PBXResourcesBuildPhase section */
		FBE132741942CFE10086D826 /* Resources */ = {
			isa = PBXResourcesBuildPhase;
			buildActionMask = 2147483647;
			files = (
				FBE1329A1942CFE10086D826 /* Spaceship.png in Resources */,
				FBE1329C1942CFE10086D826 /* Images.xcassets in Resources */,
				FBE132921942CFE10086D826 /* Main_iPad.storyboard in Resources */,
				FBE1328F1942CFE10086D826 /* Main_iPhone.storyboard in Resources */,
				FBE132861942CFE10086D826 /* InfoPlist.strings in Resources */,
			);
			runOnlyForDeploymentPostprocessing = 0;
		};
		FBE1329F1942CFE10086D826 /* Resources */ = {
			isa = PBXResourcesBuildPhase;
			buildActionMask = 2147483647;
			files = (
				FBE132AD1942CFE10086D826 /* InfoPlist.strings in Resources */,
			);
			runOnlyForDeploymentPostprocessing = 0;
		};
/* End PBXResourcesBuildPhase section */

/* Begin PBXSourcesBuildPhase section */
		FBE132721942CFE10086D826 /* Sources */ = {
			isa = PBXSourcesBuildPhase;
			buildActionMask = 2147483647;
			files = (
				FBE132881942CFE10086D826 /* main.m in Sources */,
				FBE132981942CFE10086D826 /* TSMyScene.m in Sources */,
				FBE1328C1942CFE10086D826 /* TSAppDelegate.m in Sources */,
				FBE132951942CFE10086D826 /* TSViewController.m in Sources */,
			);
			runOnlyForDeploymentPostprocessing = 0;
		};
		FBE1329D1942CFE10086D826 /* Sources */ = {
			isa = PBXSourcesBuildPhase;
			buildActionMask = 2147483647;
			files = (
				FBE132AF1942CFE10086D826 /* takkestarTests.m in Sources */,
			);
			runOnlyForDeploymentPostprocessing = 0;
		};
/* End PBXSourcesBuildPhase section */

/* Begin PBXTargetDependency section */
		FBE132A71942CFE10086D826 /* PBXTargetDependency */ = {
			isa = PBXTargetDependency;
			target = FBE132751942CFE10086D826 /* takkestar */;
			targetProxy = FBE132A61942CFE10086D826 /* PBXContainerItemProxy */;
		};
/* End PBXTargetDependency section */

/* Begin PBXVariantGroup section */
		FBE132841942CFE10086D826 /* InfoPlist.strings */ = {
			isa = PBXVariantGroup;
			children = (
				FBE132851942CFE10086D826 /* en */,
			);
			name = InfoPlist.strings;
			sourceTree = "<group>";
		};
		FBE1328D1942CFE10086D826 /* Main_iPhone.storyboard */ = {
			isa = PBXVariantGroup;
			children = (
				FBE1328E1942CFE10086D826 /* Base */,
			);
			name = Main_iPhone.storyboard;
			sourceTree = "<group>";
		};
		FBE132901942CFE10086D826 /* Main_iPad.storyboard */ = {
			isa = PBXVariantGroup;
			children = (
				FBE132911942CFE10086D826 /* Base */,
			);
			name = Main_iPad.storyboard;
			sourceTree = "<group>";
		};
		FBE132AB1942CFE10086D826 /* InfoPlist.strings */ = {
			isa = PBXVariantGroup;
			children = (
				FBE132AC1942CFE10086D826 /* en */,
			);
			name = InfoPlist.strings;
			sourceTree = "<group>";
		};
/* End PBXVariantGroup section */

/* Begin XCBuildConfiguration section */
		FBE132B01942CFE10086D826 /* Debug */ = {
			isa = XCBuildConfiguration;
			buildSettings = {
				ALWAYS_SEARCH_USER_PATHS = NO;
				CLANG_CXX_LANGUAGE_STANDARD = "gnu++0x";
				CLANG_CXX_LIBRARY = "libc++";
				CLANG_ENABLE_MODULES = YES;
				CLANG_ENABLE_OBJC_ARC = YES;
				CLANG_WARN_BOOL_CONVERSION = YES;
				CLANG_WARN_CONSTANT_CONVERSION = YES;
				CLANG_WARN_DIRECT_OBJC_ISA_USAGE = YES_ERROR;
				CLANG_WARN_EMPTY_BODY = YES;
				CLANG_WARN_ENUM_CONVERSION = YES;
				CLANG_WARN_INT_CONVERSION = YES;
				CLANG_WARN_OBJC_ROOT_CLASS = YES_ERROR;
				CLANG_WARN__DUPLICATE_METHOD_MATCH = YES;
				"CODE_SIGN_IDENTITY[sdk=iphoneos*]" = "iPhone Developer";
				COPY_PHASE_STRIP = NO;
				GCC_C_LANGUAGE_STANDARD = gnu99;
				GCC_DYNAMIC_NO_PIC = NO;
				GCC_OPTIMIZATION_LEVEL = 0;
				GCC_PREPROCESSOR_DEFINITIONS = (
					"DEBUG=1",
					"$(inherited)",
				);
				GCC_SYMBOLS_PRIVATE_EXTERN = NO;
				GCC_WARN_64_TO_32_BIT_CONVERSION = YES;
				GCC_WARN_ABOUT_RETURN_TYPE = YES_ERROR;
				GCC_WARN_UNDECLARED_SELECTOR = YES;
				GCC_WARN_UNINITIALIZED_AUTOS = YES_AGGRESSIVE;
				GCC_WARN_UNUSED_FUNCTION = YES;
				GCC_WARN_UNUSED_VARIABLE = YES;
				IPHONEOS_DEPLOYMENT_TARGET = 7.1;
				ONLY_ACTIVE_ARCH = YES;
				SDKROOT = iphoneos;
				TARGETED_DEVICE_FAMILY = "1,2";
			};
			name = Debug;
		};
		FBE132B11942CFE10086D826 /* Release */ = {
			isa = XCBuildConfiguration;
			buildSettings = {
				ALWAYS_SEARCH_USER_PATHS = NO;
				CLANG_CXX_LANGUAGE_STANDARD = "gnu++0x";
				CLANG_CXX_LIBRARY = "libc++";
				CLANG_ENABLE_MODULES = YES;
				CLANG_ENABLE_OBJC_ARC = YES;
				CLANG_WARN_BOOL_CONVERSION = YES;
				CLANG_WARN_CONSTANT_CONVERSION = YES;
				CLANG_WARN_DIRECT_OBJC_ISA_USAGE = YES_ERROR;
				CLANG_WARN_EMPTY_BODY = YES;
				CLANG_WARN_ENUM_CONVERSION = YES;
				CLANG_WARN_INT_CONVERSION = YES;
				CLANG_WARN_OBJC_ROOT_CLASS = YES_ERROR;
				CLANG_WARN__DUPLICATE_METHOD_MATCH = YES;
				"CODE_SIGN_IDENTITY[sdk=iphoneos*]" = "iPhone Developer";
				COPY_PHASE_STRIP = YES;
				ENABLE_NS_ASSERTIONS = NO;
				GCC_C_LANGUAGE_STANDARD = gnu99;
				GCC_WARN_64_TO_32_BIT_CONVERSION = YES;
				GCC_WARN_ABOUT_RETURN_TYPE = YES_ERROR;
				GCC_WARN_UNDECLARED_SELECTOR = YES;
				GCC_WARN_UNINITIALIZED_AUTOS = YES_AGGRESSIVE;
				GCC_WARN_UNUSED_FUNCTION = YES;
				GCC_WARN_UNUSED_VARIABLE = YES;
				IPHONEOS_DEPLOYMENT_TARGET = 7.1;
				SDKROOT = iphoneos;
				TARGETED_DEVICE_FAMILY = "1,2";
				VALIDATE_PRODUCT = YES;
			};
			name = Release;
		};
		FBE132B31942CFE10086D826 /* Debug */ = {
			isa = XCBuildConfiguration;
			buildSettings = {
				ASSETCATALOG_COMPILER_APPICON_NAME = AppIcon;
				ASSETCATALOG_COMPILER_LAUNCHIMAGE_NAME = LaunchImage;
				GCC_PRECOMPILE_PREFIX_HEADER = YES;
				GCC_PREFIX_HEADER = "takkestar/takkestar-Prefix.pch";
				INFOPLIST_FILE = "takkestar/takkestar-Info.plist";
				PRODUCT_NAME = "$(TARGET_NAME)";
				SPRITEKIT_TEXTURE_ATLAS_OUTPUT = YES;
				WRAPPER_EXTENSION = app;
			};
			name = Debug;
		};
		FBE132B41942CFE10086D826 /* Release */ = {
			isa = XCBuildConfiguration;
			buildSettings = {
				ASSETCATALOG_COMPILER_APPICON_NAME = AppIcon;
				ASSETCATALOG_COMPILER_LAUNCHIMAGE_NAME = LaunchImage;
				GCC_PRECOMPILE_PREFIX_HEADER = YES;
				GCC_PREFIX_HEADER = "takkestar/takkestar-Prefix.pch";
				INFOPLIST_FILE = "takkestar/takkestar-Info.plist";
				PRODUCT_NAME = "$(TARGET_NAME)";
				SPRITEKIT_TEXTURE_ATLAS_OUTPUT = YES;
				WRAPPER_EXTENSION = app;
			};
			name = Release;
		};
		FBE132B61942CFE10086D826 /* Debug */ = {
			isa = XCBuildConfiguration;
			buildSettings = {
				BUNDLE_LOADER = "$(BUILT_PRODUCTS_DIR)/takkestar.app/takkestar";
				FRAMEWORK_SEARCH_PATHS = (
					"$(SDKROOT)/Developer/Library/Frameworks",
					"$(inherited)",
					"$(DEVELOPER_FRAMEWORKS_DIR)",
				);
				GCC_PRECOMPILE_PREFIX_HEADER = YES;
				GCC_PREFIX_HEADER = "takkestar/takkestar-Prefix.pch";
				GCC_PREPROCESSOR_DEFINITIONS = (
					"DEBUG=1",
					"$(inherited)",
				);
				INFOPLIST_FILE = "takkestarTests/takkestarTests-Info.plist";
				PRODUCT_NAME = "$(TARGET_NAME)";
				TEST_HOST = "$(BUNDLE_LOADER)";
				WRAPPER_EXTENSION = xctest;
			};
			name = Debug;
		};
		FBE132B71942CFE10086D826 /* Release */ = {
			isa = XCBuildConfiguration;
			buildSettings = {
				BUNDLE_LOADER = "$(BUILT_PRODUCTS_DIR)/takkestar.app/takkestar";
				FRAMEWORK_SEARCH_PATHS = (
					"$(SDKROOT)/Developer/Library/Frameworks",
					"$(inherited)",
					"$(DEVELOPER_FRAMEWORKS_DIR)",
				);
				GCC_PRECOMPILE_PREFIX_HEADER = YES;
				GCC_PREFIX_HEADER = "takkestar/takkestar-Prefix.pch";
				INFOPLIST_FILE = "takkestarTests/takkestarTests-Info.plist";
				PRODUCT_NAME = "$(TARGET_NAME)";
				TEST_HOST = "$(BUNDLE_LOADER)";
				WRAPPER_EXTENSION = xctest;
			};
			name = Release;
		};
/* End XCBuildConfiguration section */

/* Begin XCConfigurationList section */
		FBE132711942CFE10086D826 /* Build configuration list for PBXProject "takkestar" */ = {
			isa = XCConfigurationList;
			buildConfigurations = (
				FBE132B01942CFE10086D826 /* Debug */,
				FBE132B11942CFE10086D826 /* Release */,
			);
			defaultConfigurationIsVisible = 0;
			defaultConfigurationName = Release;
		};
		FBE132B21942CFE10086D826 /* Build configuration list for PBXNativeTarget "takkestar" */ = {
			isa = XCConfigurationList;
			buildConfigurations = (
				FBE132B31942CFE10086D826 /* Debug */,
				FBE132B41942CFE10086D826 /* Release */,
			);
			defaultConfigurationIsVisible = 0;
		};
		FBE132B51942CFE10086D826 /* Build configuration list for PBXNativeTarget "takkestarTests" */ = {
			isa = XCConfigurationList;
			buildConfigurations = (
				FBE132B61942CFE10086D826 /* Debug */,
				FBE132B71942CFE10086D826 /* Release */,
			);
			defaultConfigurationIsVisible = 0;
		};
/* End XCConfigurationList section */
	};
	rootObject = FBE1326E1942CFE10086D826 /* Project object */;
}
